
Microsoft Visual Studio Solution File, Format Version 12.00
# Visual Studio Version 16
VisualStudioVersion = 16.0.30517.126
MinimumVisualStudioVersion = 10.0.40219.1
Project("{FAE04EC0-301F-11D3-BF4B-00C04F79EFBC}") = "FlappyBird", "FlappyBird\FlappyBird.csproj", "{2F83BD9A-7B87-415B-A537-4A6F96EC0CB8}"
EndProject
Global
	GlobalSection(SolutionConfigurationPlatforms) = preSolution
		Debug|Any CPU = Debug|Any CPU
		Release|Any CPU = Release|Any CPU
	EndGlobalSection
	GlobalSection(ProjectConfigurationPlatforms) = postSolution
		{2F83BD9A-7B87-415B-A537-4A6F96EC0CB8}.Debug|Any CPU.ActiveCfg = Debug|Any CPU
		{2F83BD9A-7B87-415B-A537-4A6F96EC0CB8}.Debug|Any CPU.Build.0 = Debug|Any CPU
		{2F83BD9A-7B87-415B-A537-4A6F96EC0CB8}.Release|Any CPU.ActiveCfg = Release|Any CPU
		{2F83BD9A-7B87-415B-A537-4A6F96EC0CB8}.Release|Any CPU.Build.0 = Release|Any CPU
	EndGlobalSection
	GlobalSection(SolutionProperties) = preSolution
		HideSolutionNode = FALSE
	EndGlobalSection
	GlobalSection(ExtensibilityGlobals) = postSolution
		SolutionGuid = {4D89152B-8B92-45A3-9B8C-F439C6CD59E6}
	EndGlobalSection
EndGlobal
